// !$*UTF8*$!
{
	archiveVersion = 1;
	classes = {
	};
	objectVersion = 46;
	objects = {

/* Begin PBXBuildFile section */
		9317C18B15897B370069F5B9 /* Foundation.framework in Frameworks */ = {isa = PBXBuildFile; fileRef = 9317C18A15897B370069F5B9 /* Foundation.framework */; };
		9317C18D15897B370069F5B9 /* UIKit.framework in Frameworks */ = {isa = PBXBuildFile; fileRef = 9317C18C15897B370069F5B9 /* UIKit.framework */; };
		9317C18F15897B370069F5B9 /* CoreGraphics.framework in Frameworks */ = {isa = PBXBuildFile; fileRef = 9317C18E15897B370069F5B9 /* CoreGraphics.framework */; };
		9317C19115897B370069F5B9 /* AddressBook.framework in Frameworks */ = {isa = PBXBuildFile; fileRef = 9317C19015897B370069F5B9 /* AddressBook.framework */; };
		9317C19315897B370069F5B9 /* AddressBookUI.framework in Frameworks */ = {isa = PBXBuildFile; fileRef = 9317C19215897B370069F5B9 /* AddressBookUI.framework */; };
		9317C19515897B370069F5B9 /* AudioToolbox.framework in Frameworks */ = {isa = PBXBuildFile; fileRef = 9317C19415897B370069F5B9 /* AudioToolbox.framework */; };
		9317C19715897B370069F5B9 /* AVFoundation.framework in Frameworks */ = {isa = PBXBuildFile; fileRef = 9317C19615897B370069F5B9 /* AVFoundation.framework */; };
		9317C19915897B370069F5B9 /* CoreLocation.framework in Frameworks */ = {isa = PBXBuildFile; fileRef = 9317C19815897B370069F5B9 /* CoreLocation.framework */; };
		9317C19B15897B370069F5B9 /* MediaPlayer.framework in Frameworks */ = {isa = PBXBuildFile; fileRef = 9317C19A15897B370069F5B9 /* MediaPlayer.framework */; };
		9317C19D15897B370069F5B9 /* QuartzCore.framework in Frameworks */ = {isa = PBXBuildFile; fileRef = 9317C19C15897B370069F5B9 /* QuartzCore.framework */; };
		9317C19F15897B370069F5B9 /* SystemConfiguration.framework in Frameworks */ = {isa = PBXBuildFile; fileRef = 9317C19E15897B370069F5B9 /* SystemConfiguration.framework */; };
		9317C1A115897B370069F5B9 /* MobileCoreServices.framework in Frameworks */ = {isa = PBXBuildFile; fileRef = 9317C1A015897B370069F5B9 /* MobileCoreServices.framework */; };
		9317C1A315897B370069F5B9 /* CoreMedia.framework in Frameworks */ = {isa = PBXBuildFile; fileRef = 9317C1A215897B370069F5B9 /* CoreMedia.framework */; };
		9317C1A915897B370069F5B9 /* InfoPlist.strings in Resources */ = {isa = PBXBuildFile; fileRef = 9317C1A715897B370069F5B9 /* InfoPlist.strings */; };
		9317C1AB15897B370069F5B9 /* main.m in Sources */ = {isa = PBXBuildFile; fileRef = 9317C1AA15897B370069F5B9 /* main.m */; };
		9317C1AE15897B370069F5B9 /* Cordova.framework in Frameworks */ = {isa = PBXBuildFile; fileRef = 9317C1AD15897B370069F5B9 /* Cordova.framework */; };
		9317C1B315897B370069F5B9 /* Localizable.strings in Resources */ = {isa = PBXBuildFile; fileRef = 9317C1B115897B370069F5B9 /* Localizable.strings */; };
		9317C1B715897B370069F5B9 /* Localizable.strings in Resources */ = {isa = PBXBuildFile; fileRef = 9317C1B515897B370069F5B9 /* Localizable.strings */; };
		9317C1BB15897B370069F5B9 /* Localizable.strings in Resources */ = {isa = PBXBuildFile; fileRef = 9317C1B915897B370069F5B9 /* Localizable.strings */; };
		9317C1BF15897B370069F5B9 /* Localizable.strings in Resources */ = {isa = PBXBuildFile; fileRef = 9317C1BD15897B370069F5B9 /* Localizable.strings */; };
		9317C1CD15897B370069F5B9 /* Capture.bundle in Resources */ = {isa = PBXBuildFile; fileRef = 9317C1CC15897B370069F5B9 /* Capture.bundle */; };
		9317C1CF15897B370069F5B9 /* Cordova.plist in Resources */ = {isa = PBXBuildFile; fileRef = 9317C1CE15897B370069F5B9 /* Cordova.plist */; };
		9317C1D315897B370069F5B9 /* AppDelegate.m in Sources */ = {isa = PBXBuildFile; fileRef = 9317C1D215897B370069F5B9 /* AppDelegate.m */; };
		9317C1D615897B370069F5B9 /* MainViewController.m in Sources */ = {isa = PBXBuildFile; fileRef = 9317C1D515897B370069F5B9 /* MainViewController.m */; };
		9317C1D815897B370069F5B9 /* MainViewController.xib in Resources */ = {isa = PBXBuildFile; fileRef = 9317C1D715897B370069F5B9 /* MainViewController.xib */; };
		9317C1E215897BE50069F5B9 /* www in Resources */ = {isa = PBXBuildFile; fileRef = 9317C1E115897BE50069F5B9 /* www */; };
		9317C1E8158980790069F5B9 /* Icon-72.png in Resources */ = {isa = PBXBuildFile; fileRef = 9317C1E3158980790069F5B9 /* Icon-72.png */; };
		9317C1E9158980790069F5B9 /* Icon-Small.png in Resources */ = {isa = PBXBuildFile; fileRef = 9317C1E4158980790069F5B9 /* Icon-Small.png */; };
		9317C1EA158980790069F5B9 /* Icon-Small@2x.png in Resources */ = {isa = PBXBuildFile; fileRef = 9317C1E5158980790069F5B9 /* Icon-Small@2x.png */; };
		9317C1EB158980790069F5B9 /* icon.png in Resources */ = {isa = PBXBuildFile; fileRef = 9317C1E6158980790069F5B9 /* icon.png */; };
		9317C1EC158980790069F5B9 /* icon@2x.png in Resources */ = {isa = PBXBuildFile; fileRef = 9317C1E7158980790069F5B9 /* icon@2x.png */; };
		9317C1EE158980FC0069F5B9 /* icon-72@2x.png in Resources */ = {isa = PBXBuildFile; fileRef = 9317C1ED158980FC0069F5B9 /* icon-72@2x.png */; };
		9317C1F51589813D0069F5B9 /* Default-Portrait@2x.png in Resources */ = {isa = PBXBuildFile; fileRef = 9317C1EF1589813D0069F5B9 /* Default-Portrait@2x.png */; };
		9317C1F61589813D0069F5B9 /* Default~iphone.png in Resources */ = {isa = PBXBuildFile; fileRef = 9317C1F01589813D0069F5B9 /* Default~iphone.png */; };
		9317C1F71589813D0069F5B9 /* Default@2x~iphone.png in Resources */ = {isa = PBXBuildFile; fileRef = 9317C1F11589813D0069F5B9 /* Default@2x~iphone.png */; };
		9317C1F81589813D0069F5B9 /* Default-Portrait.png in Resources */ = {isa = PBXBuildFile; fileRef = 9317C1F21589813D0069F5B9 /* Default-Portrait.png */; };
		9317C1F91589813D0069F5B9 /* Default-Landscape.png in Resources */ = {isa = PBXBuildFile; fileRef = 9317C1F31589813D0069F5B9 /* Default-Landscape.png */; };
		9317C1FA1589813D0069F5B9 /* Default-Landscape@2x.png in Resources */ = {isa = PBXBuildFile; fileRef = 9317C1F41589813D0069F5B9 /* Default-Landscape@2x.png */; };
		F620D21915912204009A7D04 /* Security.framework in Frameworks */ = {isa = PBXBuildFile; fileRef = F620D21815912204009A7D04 /* Security.framework */; };
		F69B365F15912154005A31ED /* libAppBladeUniversal.a in Frameworks */ = {isa = PBXBuildFile; fileRef = F69B365E15912154005A31ED /* libAppBladeUniversal.a */; };
		F69B36631591215E005A31ED /* AppBladePlugin.m in Sources */ = {isa = PBXBuildFile; fileRef = F69B36621591215E005A31ED /* AppBladePlugin.m */; };
/* End PBXBuildFile section */

/* Begin PBXFileReference section */
		9317C18615897B370069F5B9 /* JBoss Toy Store.app */ = {isa = PBXFileReference; explicitFileType = wrapper.application; includeInIndex = 0; path = "JBoss Toy Store.app"; sourceTree = BUILT_PRODUCTS_DIR; };
		9317C18A15897B370069F5B9 /* Foundation.framework */ = {isa = PBXFileReference; lastKnownFileType = wrapper.framework; name = Foundation.framework; path = System/Library/Frameworks/Foundation.framework; sourceTree = SDKROOT; };
		9317C18C15897B370069F5B9 /* UIKit.framework */ = {isa = PBXFileReference; lastKnownFileType = wrapper.framework; name = UIKit.framework; path = System/Library/Frameworks/UIKit.framework; sourceTree = SDKROOT; };
		9317C18E15897B370069F5B9 /* CoreGraphics.framework */ = {isa = PBXFileReference; lastKnownFileType = wrapper.framework; name = CoreGraphics.framework; path = System/Library/Frameworks/CoreGraphics.framework; sourceTree = SDKROOT; };
		9317C19015897B370069F5B9 /* AddressBook.framework */ = {isa = PBXFileReference; lastKnownFileType = wrapper.framework; name = AddressBook.framework; path = System/Library/Frameworks/AddressBook.framework; sourceTree = SDKROOT; };
		9317C19215897B370069F5B9 /* AddressBookUI.framework */ = {isa = PBXFileReference; lastKnownFileType = wrapper.framework; name = AddressBookUI.framework; path = System/Library/Frameworks/AddressBookUI.framework; sourceTree = SDKROOT; };
		9317C19415897B370069F5B9 /* AudioToolbox.framework */ = {isa = PBXFileReference; lastKnownFileType = wrapper.framework; name = AudioToolbox.framework; path = System/Library/Frameworks/AudioToolbox.framework; sourceTree = SDKROOT; };
		9317C19615897B370069F5B9 /* AVFoundation.framework */ = {isa = PBXFileReference; lastKnownFileType = wrapper.framework; name = AVFoundation.framework; path = System/Library/Frameworks/AVFoundation.framework; sourceTree = SDKROOT; };
		9317C19815897B370069F5B9 /* CoreLocation.framework */ = {isa = PBXFileReference; lastKnownFileType = wrapper.framework; name = CoreLocation.framework; path = System/Library/Frameworks/CoreLocation.framework; sourceTree = SDKROOT; };
		9317C19A15897B370069F5B9 /* MediaPlayer.framework */ = {isa = PBXFileReference; lastKnownFileType = wrapper.framework; name = MediaPlayer.framework; path = System/Library/Frameworks/MediaPlayer.framework; sourceTree = SDKROOT; };
		9317C19C15897B370069F5B9 /* QuartzCore.framework */ = {isa = PBXFileReference; lastKnownFileType = wrapper.framework; name = QuartzCore.framework; path = System/Library/Frameworks/QuartzCore.framework; sourceTree = SDKROOT; };
		9317C19E15897B370069F5B9 /* SystemConfiguration.framework */ = {isa = PBXFileReference; lastKnownFileType = wrapper.framework; name = SystemConfiguration.framework; path = System/Library/Frameworks/SystemConfiguration.framework; sourceTree = SDKROOT; };
		9317C1A015897B370069F5B9 /* MobileCoreServices.framework */ = {isa = PBXFileReference; lastKnownFileType = wrapper.framework; name = MobileCoreServices.framework; path = System/Library/Frameworks/MobileCoreServices.framework; sourceTree = SDKROOT; };
		9317C1A215897B370069F5B9 /* CoreMedia.framework */ = {isa = PBXFileReference; lastKnownFileType = wrapper.framework; name = CoreMedia.framework; path = System/Library/Frameworks/CoreMedia.framework; sourceTree = SDKROOT; };
		9317C1A615897B370069F5B9 /* JBoss Toy Store-Info.plist */ = {isa = PBXFileReference; lastKnownFileType = text.plist.xml; path = "JBoss Toy Store-Info.plist"; sourceTree = "<group>"; };
		9317C1A815897B370069F5B9 /* en */ = {isa = PBXFileReference; lastKnownFileType = text.plist.strings; name = en; path = en.lproj/InfoPlist.strings; sourceTree = "<group>"; };
		9317C1AA15897B370069F5B9 /* main.m */ = {isa = PBXFileReference; lastKnownFileType = sourcecode.c.objc; path = main.m; sourceTree = "<group>"; };
		9317C1AC15897B370069F5B9 /* JBoss Toy Store-Prefix.pch */ = {isa = PBXFileReference; lastKnownFileType = sourcecode.c.h; path = "JBoss Toy Store-Prefix.pch"; sourceTree = "<group>"; };
		9317C1AD15897B370069F5B9 /* Cordova.framework */ = {isa = PBXFileReference; lastKnownFileType = wrapper.framework; name = Cordova.framework; path = /Users/Shared/Cordova/Frameworks/Cordova.framework; sourceTree = "<absolute>"; };
		9317C1B215897B370069F5B9 /* en */ = {isa = PBXFileReference; lastKnownFileType = text.plist.strings; name = en; path = Resources/en.lproj/Localizable.strings; sourceTree = "<group>"; };
		9317C1B615897B370069F5B9 /* es */ = {isa = PBXFileReference; lastKnownFileType = text.plist.strings; name = es; path = Resources/es.lproj/Localizable.strings; sourceTree = "<group>"; };
		9317C1BA15897B370069F5B9 /* de */ = {isa = PBXFileReference; lastKnownFileType = text.plist.strings; name = de; path = Resources/de.lproj/Localizable.strings; sourceTree = "<group>"; };
		9317C1BE15897B370069F5B9 /* se */ = {isa = PBXFileReference; lastKnownFileType = text.plist.strings; name = se; path = Resources/se.lproj/Localizable.strings; sourceTree = "<group>"; };
		9317C1CC15897B370069F5B9 /* Capture.bundle */ = {isa = PBXFileReference; lastKnownFileType = "wrapper.plug-in"; name = Capture.bundle; path = Resources/Capture.bundle; sourceTree = "<group>"; };
		9317C1CE15897B370069F5B9 /* Cordova.plist */ = {isa = PBXFileReference; lastKnownFileType = text.plist.xml; path = Cordova.plist; sourceTree = "<group>"; };
		9317C1D115897B370069F5B9 /* AppDelegate.h */ = {isa = PBXFileReference; lastKnownFileType = sourcecode.c.h; name = AppDelegate.h; path = Classes/AppDelegate.h; sourceTree = "<group>"; };
		9317C1D215897B370069F5B9 /* AppDelegate.m */ = {isa = PBXFileReference; lastKnownFileType = sourcecode.c.objc; name = AppDelegate.m; path = Classes/AppDelegate.m; sourceTree = "<group>"; };
		9317C1D415897B370069F5B9 /* MainViewController.h */ = {isa = PBXFileReference; lastKnownFileType = sourcecode.c.h; name = MainViewController.h; path = Classes/MainViewController.h; sourceTree = "<group>"; };
		9317C1D515897B370069F5B9 /* MainViewController.m */ = {isa = PBXFileReference; lastKnownFileType = sourcecode.c.objc; name = MainViewController.m; path = Classes/MainViewController.m; sourceTree = "<group>"; };
		9317C1D715897B370069F5B9 /* MainViewController.xib */ = {isa = PBXFileReference; lastKnownFileType = file.xib; name = MainViewController.xib; path = Classes/MainViewController.xib; sourceTree = "<group>"; };
		9317C1DA15897B380069F5B9 /* README */ = {isa = PBXFileReference; lastKnownFileType = text; name = README; path = Plugins/README; sourceTree = "<group>"; };
		9317C1DB15897B380069F5B9 /* verify.sh */ = {isa = PBXFileReference; lastKnownFileType = text.script.sh; path = verify.sh; sourceTree = "<group>"; };
		9317C1E115897BE50069F5B9 /* www */ = {isa = PBXFileReference; lastKnownFileType = folder; path = www; sourceTree = "<group>"; };
		9317C1E3158980790069F5B9 /* Icon-72.png */ = {isa = PBXFileReference; lastKnownFileType = image.png; path = "Icon-72.png"; sourceTree = "<group>"; };
		9317C1E4158980790069F5B9 /* Icon-Small.png */ = {isa = PBXFileReference; lastKnownFileType = image.png; path = "Icon-Small.png"; sourceTree = "<group>"; };
		9317C1E5158980790069F5B9 /* Icon-Small@2x.png */ = {isa = PBXFileReference; lastKnownFileType = image.png; path = "Icon-Small@2x.png"; sourceTree = "<group>"; };
		9317C1E6158980790069F5B9 /* icon.png */ = {isa = PBXFileReference; lastKnownFileType = image.png; path = icon.png; sourceTree = "<group>"; };
		9317C1E7158980790069F5B9 /* icon@2x.png */ = {isa = PBXFileReference; lastKnownFileType = image.png; path = "icon@2x.png"; sourceTree = "<group>"; };
		9317C1ED158980FC0069F5B9 /* icon-72@2x.png */ = {isa = PBXFileReference; lastKnownFileType = image.png; path = "icon-72@2x.png"; sourceTree = "<group>"; };
		9317C1EF1589813D0069F5B9 /* Default-Portrait@2x.png */ = {isa = PBXFileReference; lastKnownFileType = image.png; path = "Default-Portrait@2x.png"; sourceTree = "<group>"; };
		9317C1F01589813D0069F5B9 /* Default~iphone.png */ = {isa = PBXFileReference; lastKnownFileType = image.png; path = "Default~iphone.png"; sourceTree = "<group>"; };
		9317C1F11589813D0069F5B9 /* Default@2x~iphone.png */ = {isa = PBXFileReference; lastKnownFileType = image.png; path = "Default@2x~iphone.png"; sourceTree = "<group>"; };
		9317C1F21589813D0069F5B9 /* Default-Portrait.png */ = {isa = PBXFileReference; lastKnownFileType = image.png; path = "Default-Portrait.png"; sourceTree = "<group>"; };
		9317C1F31589813D0069F5B9 /* Default-Landscape.png */ = {isa = PBXFileReference; lastKnownFileType = image.png; path = "Default-Landscape.png"; sourceTree = "<group>"; };
		9317C1F41589813D0069F5B9 /* Default-Landscape@2x.png */ = {isa = PBXFileReference; lastKnownFileType = image.png; path = "Default-Landscape@2x.png"; sourceTree = "<group>"; };
		F620D21815912204009A7D04 /* Security.framework */ = {isa = PBXFileReference; lastKnownFileType = wrapper.framework; name = Security.framework; path = System/Library/Frameworks/Security.framework; sourceTree = SDKROOT; };
		F69B365E15912154005A31ED /* libAppBladeUniversal.a */ = {isa = PBXFileReference; lastKnownFileType = archive.ar; path = libAppBladeUniversal.a; sourceTree = "<group>"; };
		F69B36601591215E005A31ED /* AppBlade.h */ = {isa = PBXFileReference; fileEncoding = 4; lastKnownFileType = sourcecode.c.h; path = AppBlade.h; sourceTree = "<group>"; };
		F69B36611591215E005A31ED /* AppBladePlugin.h */ = {isa = PBXFileReference; fileEncoding = 4; lastKnownFileType = sourcecode.c.h; path = AppBladePlugin.h; sourceTree = "<group>"; };
		F69B36621591215E005A31ED /* AppBladePlugin.m */ = {isa = PBXFileReference; fileEncoding = 4; lastKnownFileType = sourcecode.c.objc; path = AppBladePlugin.m; sourceTree = "<group>"; };
/* End PBXFileReference section */

/* Begin PBXFrameworksBuildPhase section */
		9317C18015897B370069F5B9 /* Frameworks */ = {
			isa = PBXFrameworksBuildPhase;
			buildActionMask = 2147483647;
			files = (
				9317C18B15897B370069F5B9 /* Foundation.framework in Frameworks */,
				9317C18D15897B370069F5B9 /* UIKit.framework in Frameworks */,
				9317C18F15897B370069F5B9 /* CoreGraphics.framework in Frameworks */,
				9317C19115897B370069F5B9 /* AddressBook.framework in Frameworks */,
				9317C19315897B370069F5B9 /* AddressBookUI.framework in Frameworks */,
				F620D21915912204009A7D04 /* Security.framework in Frameworks */,
				9317C19515897B370069F5B9 /* AudioToolbox.framework in Frameworks */,
				9317C19715897B370069F5B9 /* AVFoundation.framework in Frameworks */,
				9317C19915897B370069F5B9 /* CoreLocation.framework in Frameworks */,
				9317C19B15897B370069F5B9 /* MediaPlayer.framework in Frameworks */,
				9317C19D15897B370069F5B9 /* QuartzCore.framework in Frameworks */,
				9317C19F15897B370069F5B9 /* SystemConfiguration.framework in Frameworks */,
				9317C1A115897B370069F5B9 /* MobileCoreServices.framework in Frameworks */,
				9317C1A315897B370069F5B9 /* CoreMedia.framework in Frameworks */,
				9317C1AE15897B370069F5B9 /* Cordova.framework in Frameworks */,
				F69B365F15912154005A31ED /* libAppBladeUniversal.a in Frameworks */,
			);
			runOnlyForDeploymentPostprocessing = 0;
		};
		9317C18315897B370069F5B9 /* Frameworks */ = {
			isa = PBXFrameworksBuildPhase;
			buildActionMask = 2147483647;
			files = (
			);
			runOnlyForDeploymentPostprocessing = 0;
		};
/* End PBXFrameworksBuildPhase section */

/* Begin PBXGroup section */
		9317C17815897B370069F5B9 = {
			isa = PBXGroup;
			children = (
				9317C1E115897BE50069F5B9 /* www */,
				9317C1A415897B370069F5B9 /* JBoss Toy Store */,
				9317C18915897B370069F5B9 /* Frameworks */,
				9317C18715897B370069F5B9 /* Products */,
			);
			sourceTree = "<group>";
		};
		9317C18715897B370069F5B9 /* Products */ = {
			isa = PBXGroup;
			children = (
				9317C18615897B370069F5B9 /* JBoss Toy Store.app */,
			);
			name = Products;
			sourceTree = "<group>";
		};
		9317C18915897B370069F5B9 /* Frameworks */ = {
			isa = PBXGroup;
			children = (
				F620D21815912204009A7D04 /* Security.framework */,
				9317C18A15897B370069F5B9 /* Foundation.framework */,
				9317C18C15897B370069F5B9 /* UIKit.framework */,
				9317C18E15897B370069F5B9 /* CoreGraphics.framework */,
				9317C19015897B370069F5B9 /* AddressBook.framework */,
				9317C19215897B370069F5B9 /* AddressBookUI.framework */,
				9317C19415897B370069F5B9 /* AudioToolbox.framework */,
				9317C19615897B370069F5B9 /* AVFoundation.framework */,
				9317C19815897B370069F5B9 /* CoreLocation.framework */,
				9317C19A15897B370069F5B9 /* MediaPlayer.framework */,
				9317C19C15897B370069F5B9 /* QuartzCore.framework */,
				9317C19E15897B370069F5B9 /* SystemConfiguration.framework */,
				9317C1A015897B370069F5B9 /* MobileCoreServices.framework */,
				9317C1A215897B370069F5B9 /* CoreMedia.framework */,
			);
			name = Frameworks;
			sourceTree = "<group>";
		};
		9317C1A415897B370069F5B9 /* JBoss Toy Store */ = {
			isa = PBXGroup;
			children = (
				9317C1AD15897B370069F5B9 /* Cordova.framework */,
				9317C1AF15897B370069F5B9 /* Resources */,
				9317C1D015897B370069F5B9 /* Classes */,
				9317C1D915897B380069F5B9 /* Plugins */,
				9317C1A515897B370069F5B9 /* Supporting Files */,
			);
			path = "JBoss Toy Store";
			sourceTree = "<group>";
		};
		9317C1A515897B370069F5B9 /* Supporting Files */ = {
			isa = PBXGroup;
			children = (
				9317C1A615897B370069F5B9 /* JBoss Toy Store-Info.plist */,
				9317C1A715897B370069F5B9 /* InfoPlist.strings */,
				9317C1AA15897B370069F5B9 /* main.m */,
				9317C1AC15897B370069F5B9 /* JBoss Toy Store-Prefix.pch */,
				9317C1CE15897B370069F5B9 /* Cordova.plist */,
				9317C1D715897B370069F5B9 /* MainViewController.xib */,
				9317C1DB15897B380069F5B9 /* verify.sh */,
			);
			name = "Supporting Files";
			sourceTree = "<group>";
		};
		9317C1AF15897B370069F5B9 /* Resources */ = {
			isa = PBXGroup;
			children = (
				9317C1CC15897B370069F5B9 /* Capture.bundle */,
				9317C1B015897B370069F5B9 /* en.lproj */,
				9317C1B415897B370069F5B9 /* es.lproj */,
				9317C1B815897B370069F5B9 /* de.lproj */,
				9317C1BC15897B370069F5B9 /* se.lproj */,
				9317C1C015897B370069F5B9 /* icons */,
				9317C1C715897B370069F5B9 /* splash */,
			);
			name = Resources;
			sourceTree = "<group>";
		};
		9317C1B015897B370069F5B9 /* en.lproj */ = {
			isa = PBXGroup;
			children = (
				9317C1B115897B370069F5B9 /* Localizable.strings */,
			);
			name = en.lproj;
			sourceTree = "<group>";
		};
		9317C1B415897B370069F5B9 /* es.lproj */ = {
			isa = PBXGroup;
			children = (
				9317C1B515897B370069F5B9 /* Localizable.strings */,
			);
			name = es.lproj;
			sourceTree = "<group>";
		};
		9317C1B815897B370069F5B9 /* de.lproj */ = {
			isa = PBXGroup;
			children = (
				9317C1B915897B370069F5B9 /* Localizable.strings */,
			);
			name = de.lproj;
			sourceTree = "<group>";
		};
		9317C1BC15897B370069F5B9 /* se.lproj */ = {
			isa = PBXGroup;
			children = (
				9317C1BD15897B370069F5B9 /* Localizable.strings */,
			);
			name = se.lproj;
			sourceTree = "<group>";
		};
		9317C1C015897B370069F5B9 /* icons */ = {
			isa = PBXGroup;
			children = (
				9317C1ED158980FC0069F5B9 /* icon-72@2x.png */,
				9317C1E3158980790069F5B9 /* Icon-72.png */,
				9317C1E4158980790069F5B9 /* Icon-Small.png */,
				9317C1E5158980790069F5B9 /* Icon-Small@2x.png */,
				9317C1E6158980790069F5B9 /* icon.png */,
				9317C1E7158980790069F5B9 /* icon@2x.png */,
			);
			name = icons;
			sourceTree = "<group>";
		};
		9317C1C715897B370069F5B9 /* splash */ = {
			isa = PBXGroup;
			children = (
				9317C1EF1589813D0069F5B9 /* Default-Portrait@2x.png */,
				9317C1F01589813D0069F5B9 /* Default~iphone.png */,
				9317C1F11589813D0069F5B9 /* Default@2x~iphone.png */,
				9317C1F21589813D0069F5B9 /* Default-Portrait.png */,
				9317C1F31589813D0069F5B9 /* Default-Landscape.png */,
				9317C1F41589813D0069F5B9 /* Default-Landscape@2x.png */,
			);
			name = splash;
			sourceTree = "<group>";
		};
		9317C1D015897B370069F5B9 /* Classes */ = {
			isa = PBXGroup;
			children = (
				9317C1D115897B370069F5B9 /* AppDelegate.h */,
				9317C1D215897B370069F5B9 /* AppDelegate.m */,
				9317C1D415897B370069F5B9 /* MainViewController.h */,
				9317C1D515897B370069F5B9 /* MainViewController.m */,
			);
			name = Classes;
			sourceTree = "<group>";
		};
		9317C1D915897B380069F5B9 /* Plugins */ = {
			isa = PBXGroup;
			children = (
				F69B365C15912134005A31ED /* AppBlade */,
				9317C1DA15897B380069F5B9 /* README */,
			);
			name = Plugins;
			sourceTree = "<group>";
		};
		F69B365C15912134005A31ED /* AppBlade */ = {
			isa = PBXGroup;
			children = (
				F69B36601591215E005A31ED /* AppBlade.h */,
				F69B36611591215E005A31ED /* AppBladePlugin.h */,
				F69B36621591215E005A31ED /* AppBladePlugin.m */,
				F69B365E15912154005A31ED /* libAppBladeUniversal.a */,
			);
			name = AppBlade;
			sourceTree = "<group>";
		};
/* End PBXGroup section */

/* Begin PBXNativeTarget section */
		9317C18515897B370069F5B9 /* JBoss Toy Store */ = {
			isa = PBXNativeTarget;
			buildConfigurationList = 9317C1DE15897B380069F5B9 /* Build configuration list for PBXNativeTarget "JBoss Toy Store" */;
			buildPhases = (
				9317C17F15897B370069F5B9 /* Sources */,
				9317C18015897B370069F5B9 /* Frameworks */,
				9317C18115897B370069F5B9 /* Resources */,
				9317C18215897B370069F5B9 /* Sources */,
				9317C18315897B370069F5B9 /* Frameworks */,
				9317C18415897B370069F5B9 /* ShellScript */,
			);
			buildRules = (
			);
			dependencies = (
			);
			name = "JBoss Toy Store";
			productName = "JBoss Toy Store";
			productReference = 9317C18615897B370069F5B9 /* JBoss Toy Store.app */;
			productType = "com.apple.product-type.application";
		};
/* End PBXNativeTarget section */

/* Begin PBXProject section */
		9317C17A15897B370069F5B9 /* Project object */ = {
			isa = PBXProject;
			attributes = {
				LastUpgradeCheck = 0430;
			};
			buildConfigurationList = 9317C17D15897B370069F5B9 /* Build configuration list for PBXProject "JBoss Toy Store" */;
			compatibilityVersion = "Xcode 3.2";
			developmentRegion = English;
			hasScannedForEncodings = 0;
			knownRegions = (
				en,
				es,
				de,
				se,
			);
			mainGroup = 9317C17815897B370069F5B9;
			productRefGroup = 9317C18715897B370069F5B9 /* Products */;
			projectDirPath = "";
			projectRoot = "";
			targets = (
				9317C18515897B370069F5B9 /* JBoss Toy Store */,
			);
		};
/* End PBXProject section */

/* Begin PBXResourcesBuildPhase section */
		9317C18115897B370069F5B9 /* Resources */ = {
			isa = PBXResourcesBuildPhase;
			buildActionMask = 2147483647;
			files = (
				9317C1A915897B370069F5B9 /* InfoPlist.strings in Resources */,
				9317C1B315897B370069F5B9 /* Localizable.strings in Resources */,
				9317C1B715897B370069F5B9 /* Localizable.strings in Resources */,
				9317C1BB15897B370069F5B9 /* Localizable.strings in Resources */,
				9317C1BF15897B370069F5B9 /* Localizable.strings in Resources */,
				9317C1CD15897B370069F5B9 /* Capture.bundle in Resources */,
				9317C1CF15897B370069F5B9 /* Cordova.plist in Resources */,
				9317C1D815897B370069F5B9 /* MainViewController.xib in Resources */,
				9317C1E215897BE50069F5B9 /* www in Resources */,
				9317C1E8158980790069F5B9 /* Icon-72.png in Resources */,
				9317C1E9158980790069F5B9 /* Icon-Small.png in Resources */,
				9317C1EA158980790069F5B9 /* Icon-Small@2x.png in Resources */,
				9317C1EB158980790069F5B9 /* icon.png in Resources */,
				9317C1EC158980790069F5B9 /* icon@2x.png in Resources */,
				9317C1EE158980FC0069F5B9 /* icon-72@2x.png in Resources */,
				9317C1F51589813D0069F5B9 /* Default-Portrait@2x.png in Resources */,
				9317C1F61589813D0069F5B9 /* Default~iphone.png in Resources */,
				9317C1F71589813D0069F5B9 /* Default@2x~iphone.png in Resources */,
				9317C1F81589813D0069F5B9 /* Default-Portrait.png in Resources */,
				9317C1F91589813D0069F5B9 /* Default-Landscape.png in Resources */,
				9317C1FA1589813D0069F5B9 /* Default-Landscape@2x.png in Resources */,
			);
			runOnlyForDeploymentPostprocessing = 0;
		};
/* End PBXResourcesBuildPhase section */

/* Begin PBXShellScriptBuildPhase section */
		9317C18415897B370069F5B9 /* ShellScript */ = {
			isa = PBXShellScriptBuildPhase;
			buildActionMask = 2147483647;
			files = (
			);
			inputPaths = (
			);
			outputPaths = (
			);
			runOnlyForDeploymentPostprocessing = 0;
			shellPath = /bin/bash;
			shellScript = "\n\t\t\t\t\t\t\t\tchmod 755 \"$PROJECT_DIR/$PROJECT_NAME/verify.sh\"\n\t\t\t\t\t\t\t\t\"$PROJECT_DIR/$PROJECT_NAME/verify.sh\"\n\t\t\t\t\t";
		};
/* End PBXShellScriptBuildPhase section */

/* Begin PBXSourcesBuildPhase section */
		9317C17F15897B370069F5B9 /* Sources */ = {
			isa = PBXSourcesBuildPhase;
			buildActionMask = 2147483647;
			files = (
				9317C1AB15897B370069F5B9 /* main.m in Sources */,
				9317C1D315897B370069F5B9 /* AppDelegate.m in Sources */,
				9317C1D615897B370069F5B9 /* MainViewController.m in Sources */,
				F69B36631591215E005A31ED /* AppBladePlugin.m in Sources */,
			);
			runOnlyForDeploymentPostprocessing = 0;
		};
		9317C18215897B370069F5B9 /* Sources */ = {
			isa = PBXSourcesBuildPhase;
			buildActionMask = 2147483647;
			files = (
			);
			runOnlyForDeploymentPostprocessing = 0;
		};
/* End PBXSourcesBuildPhase section */

/* Begin PBXVariantGroup section */
		9317C1A715897B370069F5B9 /* InfoPlist.strings */ = {
			isa = PBXVariantGroup;
			children = (
				9317C1A815897B370069F5B9 /* en */,
			);
			name = InfoPlist.strings;
			sourceTree = "<group>";
		};
		9317C1B115897B370069F5B9 /* Localizable.strings */ = {
			isa = PBXVariantGroup;
			children = (
				9317C1B215897B370069F5B9 /* en */,
			);
			name = Localizable.strings;
			sourceTree = "<group>";
		};
		9317C1B515897B370069F5B9 /* Localizable.strings */ = {
			isa = PBXVariantGroup;
			children = (
				9317C1B615897B370069F5B9 /* es */,
			);
			name = Localizable.strings;
			sourceTree = "<group>";
		};
		9317C1B915897B370069F5B9 /* Localizable.strings */ = {
			isa = PBXVariantGroup;
			children = (
				9317C1BA15897B370069F5B9 /* de */,
			);
			name = Localizable.strings;
			sourceTree = "<group>";
		};
		9317C1BD15897B370069F5B9 /* Localizable.strings */ = {
			isa = PBXVariantGroup;
			children = (
				9317C1BE15897B370069F5B9 /* se */,
			);
			name = Localizable.strings;
			sourceTree = "<group>";
		};
/* End PBXVariantGroup section */

/* Begin XCBuildConfiguration section */
		9317C1DC15897B380069F5B9 /* Debug */ = {
			isa = XCBuildConfiguration;
			buildSettings = {
				ALWAYS_SEARCH_USER_PATHS = NO;
				ARCHS = (
					armv6,
					"$(ARCHS_STANDARD_32_BIT)",
				);
				CODE_SIGN_IDENTITY = "iPhone Developer: Kristopher Borchers (7V7T25M5A3)";
				"CODE_SIGN_IDENTITY[sdk=iphoneos*]" = "iPhone Developer: Kristopher Borchers (7V7T25M5A3)";
				COPY_PHASE_STRIP = NO;
				GCC_C_LANGUAGE_STANDARD = gnu99;
				GCC_DYNAMIC_NO_PIC = NO;
				GCC_OPTIMIZATION_LEVEL = 0;
				GCC_PREPROCESSOR_DEFINITIONS = (
					"DEBUG=1",
					"$(inherited)",
				);
				GCC_SYMBOLS_PRIVATE_EXTERN = NO;
				GCC_VERSION = com.apple.compilers.llvm.clang.1_0;
				GCC_WARN_ABOUT_RETURN_TYPE = YES;
				GCC_WARN_UNINITIALIZED_AUTOS = YES;
				GCC_WARN_UNUSED_VARIABLE = YES;
				IPHONEOS_DEPLOYMENT_TARGET = 3.0;
				PROVISIONING_PROFILE = "CDDA604F-B64C-47D0-BF08-708AD66D98B6";
				"PROVISIONING_PROFILE[sdk=iphoneos*]" = "CDDA604F-B64C-47D0-BF08-708AD66D98B6";
				SDKROOT = iphoneos;
			};
			name = Debug;
		};
		9317C1DD15897B380069F5B9 /* Release */ = {
			isa = XCBuildConfiguration;
			buildSettings = {
				ALWAYS_SEARCH_USER_PATHS = NO;
				ARCHS = (
					armv6,
					"$(ARCHS_STANDARD_32_BIT)",
				);
				"CODE_SIGN_IDENTITY[sdk=iphoneos*]" = "";
				COPY_PHASE_STRIP = YES;
				GCC_C_LANGUAGE_STANDARD = gnu99;
				GCC_VERSION = com.apple.compilers.llvm.clang.1_0;
				GCC_WARN_ABOUT_RETURN_TYPE = YES;
				GCC_WARN_UNINITIALIZED_AUTOS = YES;
				GCC_WARN_UNUSED_VARIABLE = YES;
				IPHONEOS_DEPLOYMENT_TARGET = 3.0;
				SDKROOT = iphoneos;
				VALIDATE_PRODUCT = YES;
			};
			name = Release;
		};
		9317C1DF15897B380069F5B9 /* Debug */ = {
			isa = XCBuildConfiguration;
			buildSettings = {
				ALWAYS_SEARCH_USER_PATHS = YES;
				CODE_SIGN_IDENTITY = "iPhone Developer";
				"CODE_SIGN_IDENTITY[sdk=iphoneos*]" = "iPhone Developer";
				COPY_PHASE_STRIP = NO;
				FRAMEWORK_SEARCH_PATHS = /Users/Shared/Cordova/Frameworks;
				GCC_DYNAMIC_NO_PIC = NO;
				GCC_PRECOMPILE_PREFIX_HEADER = YES;
				GCC_PREFIX_HEADER = "JBoss Toy Store/JBoss Toy Store-Prefix.pch";
				GCC_PREPROCESSOR_DEFINITIONS = (
					"DEBUG=1,",
					"CORDOVA_FRAMEWORK=1",
				);
				INFOPLIST_FILE = "JBoss Toy Store/JBoss Toy Store-Info.plist";
				LIBRARY_SEARCH_PATHS = (
					"$(inherited)",
					"\"$(SRCROOT)/JBoss Toy Store\"",
				);
				OTHER_LDFLAGS = (
					"-weak_framework",
					UIKit,
					"-weak_framework",
					AVFoundation,
					"-weak_framework",
					CoreMedia,
					"-weak-lSystem",
				);
				PRODUCT_NAME = "$(TARGET_NAME)";
				PROVISIONING_PROFILE = "";
				"PROVISIONING_PROFILE[sdk=iphoneos*]" = "";
				TARGETED_DEVICE_FAMILY = "1,2";
				WRAPPER_EXTENSION = app;
			};
			name = Debug;
		};
		9317C1E015897B380069F5B9 /* Release */ = {
			isa = XCBuildConfiguration;
			buildSettings = {
				ALWAYS_SEARCH_USER_PATHS = YES;
				CODE_SIGN_IDENTITY = "iPhone Distribution";
				COPY_PHASE_STRIP = YES;
				DEBUG_INFORMATION_FORMAT = "dwarf-with-dsym";
				FRAMEWORK_SEARCH_PATHS = /Users/Shared/Cordova/Frameworks;
				GCC_PRECOMPILE_PREFIX_HEADER = YES;
				GCC_PREFIX_HEADER = "JBoss Toy Store/JBoss Toy Store-Prefix.pch";
				GCC_PREPROCESSOR_DEFINITIONS = (
					"NDEBUG=1,",
					"CORDOVA_FRAMEWORK=1",
				);
				INFOPLIST_FILE = "JBoss Toy Store/JBoss Toy Store-Info.plist";
				LIBRARY_SEARCH_PATHS = (
					"$(inherited)",
					"\"$(SRCROOT)/JBoss Toy Store\"",
				);
				OTHER_LDFLAGS = (
					"-weak_framework",
					UIKit,
					"-weak_framework",
					AVFoundation,
					"-weak_framework",
					CoreMedia,
					"-weak-lSystem",
				);
				PRODUCT_NAME = "$(TARGET_NAME)";
				PROVISIONING_PROFILE = "";
				TARGETED_DEVICE_FAMILY = "1,2";
				VALIDATE_PRODUCT = YES;
				WRAPPER_EXTENSION = app;
			};
			name = Release;
		};
/* End XCBuildConfiguration section */

/* Begin XCConfigurationList section */
		9317C17D15897B370069F5B9 /* Build configuration list for PBXProject "JBoss Toy Store" */ = {
			isa = XCConfigurationList;
			buildConfigurations = (
				9317C1DC15897B380069F5B9 /* Debug */,
				9317C1DD15897B380069F5B9 /* Release */,
			);
			defaultConfigurationIsVisible = 0;
			defaultConfigurationName = Release;
		};
		9317C1DE15897B380069F5B9 /* Build configuration list for PBXNativeTarget "JBoss Toy Store" */ = {
			isa = XCConfigurationList;
			buildConfigurations = (
				9317C1DF15897B380069F5B9 /* Debug */,
				9317C1E015897B380069F5B9 /* Release */,
			);
			defaultConfigurationIsVisible = 0;
			defaultConfigurationName = Release;
		};
/* End XCConfigurationList section */
	};
	rootObject = 9317C17A15897B370069F5B9 /* Project object */;
}
